# THIS IS AN AUTOGENERATED FILE. DO NOT EDIT THIS FILE DIRECTLY.
# yarn lockfile v1


"@iota/bundle-validator@^1.0.0-beta.30":
  version "1.0.0-beta.30"
  resolved "https://registry.yarnpkg.com/@iota/bundle-validator/-/bundle-validator-1.0.0-beta.30.tgz#272dfd3482bb80f4bc3cd5acd868d9703bd380e8"
  integrity sha512-LYMms75LCZZ8yTIL1ApQrpuwzD4VfFeTOJVICyjObClIbAL0QGraq0HgdeJiaYjvRqNKrdi9JYM3QdZJvGcsAw==
  dependencies:
    "@iota/converter" "^1.0.0-beta.30"
    "@iota/kerl" "^1.0.0-beta.30"
    "@iota/signing" "^1.0.0-beta.30"
    "@iota/transaction" "^1.0.0-beta.30"
    "@iota/transaction-converter" "^1.0.0-beta.30"

"@iota/bundle@^1.0.0-beta.30":
  version "1.0.0-beta.30"
  resolved "https://registry.yarnpkg.com/@iota/bundle/-/bundle-1.0.0-beta.30.tgz#caa079e8b1659b8fbed4cbc112bc91b1cadaf023"
  integrity sha512-JIPaSHCqfJa2Oq5zD19ie2CYAitNXp4DJcV9oJU/yDVJoKqlLs9BCdNgf/fAI4ZViFkKx3L4F+z0R6G/vO7Kcw==
  dependencies:
    "@iota/converter" "^1.0.0-beta.30"
    "@iota/kerl" "^1.0.0-beta.30"
    "@iota/signing" "^1.0.0-beta.30"
    "@iota/transaction" "^1.0.0-beta.30"
    "@types/warning" "^3.0.0"
    warning "^4.0.3"

"@iota/checksum@^1.0.0-beta.30":
  version "1.0.0-beta.30"
  resolved "https://registry.yarnpkg.com/@iota/checksum/-/checksum-1.0.0-beta.30.tgz#70a8a8300ce0aa02578dd739bec072f590504855"
  integrity sha512-oNCtmJjb152J/+Y5ddF+iBo0S0L7hDHZZHTRXovvcJeRniAZ6IF45Ko0qo/6SiNUEhUaQeJ/oj+kMdkfTdQ51A==
  dependencies:
    "@iota/converter" "^1.0.0-beta.30"
    "@iota/kerl" "^1.0.0-beta.30"

"@iota/converter@^1.0.0-beta.30":
  version "1.0.0-beta.30"
  resolved "https://registry.yarnpkg.com/@iota/converter/-/converter-1.0.0-beta.30.tgz#a56ec7c2b8599f9f4474394a475ce6254d756924"
  integrity sha512-DxyTXatWZiVb2EKN1JVdaZs1zg8JUCHngk94hK2quV7JM3weemLOKd6OL8GQOJtjjoGIWBIZFpKpYZd2gaIBmg==
  dependencies:
    core-js "^3.1.4"

"@iota/core@^1.0.0-beta.30":
  version "1.0.0-beta.30"
  resolved "https://registry.yarnpkg.com/@iota/core/-/core-1.0.0-beta.30.tgz#746b3edc7896befc608a5c1660ad0011b646a164"
  integrity sha512-BYnQnTY2lOAOz4LEPT2jDKb9z25EeU0lUVE4vO6mV+rcVlkn8NDUkOvJpEi9XWdPySx6MqtcSiVMvGcAAGh4Tw==
  dependencies:
    "@iota/bundle" "^1.0.0-beta.30"
    "@iota/bundle-validator" "^1.0.0-beta.30"
    "@iota/checksum" "^1.0.0-beta.30"
    "@iota/converter" "^1.0.0-beta.30"
    "@iota/curl" "^1.0.0-beta.19"
    "@iota/http-client" "^1.0.0-beta.30"
    "@iota/kerl" "^1.0.0-beta.30"
    "@iota/pad" "^1.0.0-beta.30"
    "@iota/signing" "^1.0.0-beta.30"
    "@iota/transaction" "^1.0.0-beta.30"
    "@iota/transaction-converter" "^1.0.0-beta.30"
    bluebird "^3.5.5"

"@iota/curl@^1.0.0-beta.19":
  version "1.0.0-beta.19"
  resolved "https://registry.yarnpkg.com/@iota/curl/-/curl-1.0.0-beta.19.tgz#7c30bec4c7225eaf1a691802251c9199177a54a8"
  integrity sha512-bUr6VW8lP1XYhAkzUacc8U28qO2Ibdl6R5CSF7N34GgjO2sEkn4DnlzL1VU8cCv+8rfBlZ9qIvYGzklic49JJw==

"@iota/http-client@^1.0.0-beta.30":
  version "1.0.0-beta.30"
  resolved "https://registry.yarnpkg.com/@iota/http-client/-/http-client-1.0.0-beta.30.tgz#255b9009379d032e643adb9eddbe54b3a69fad0b"
  integrity sha512-Dc4UnNmO5mgPi6pZOwgJ7wR9/ETJoSlU/C0HlSIdkzeuRchpRc70STG2pA8hfIfLnNQE2N8HzMvceSPntKlWZg==
  dependencies:
    bluebird "^3.7.2"
    cross-fetch "^3.0.0"
    url-parse "^1.4.7"

"@iota/kerl@^1.0.0-beta.30":
  version "1.0.0-beta.30"
  resolved "https://registry.yarnpkg.com/@iota/kerl/-/kerl-1.0.0-beta.30.tgz#36dc2fd756e4c8fb834938fa06bb387418a388ae"
  integrity sha512-vVx7916Sb1fZWV9FmsFUUoxrgBbxeK4lc2Y0NYIw4OnU/Q6NsTu+GEXGNMArp97daU4UQhbceE7DNTj9HOICfQ==
  dependencies:
    "@types/crypto-js" "^3.1.47"
    crypto-js "^4.0.0"

"@iota/pad@^1.0.0-beta.30":
  version "1.0.0-beta.30"
  resolved "https://registry.yarnpkg.com/@iota/pad/-/pad-1.0.0-beta.30.tgz#de19728f8f1b09c20e2365d0da34945006760082"
  integrity sha512-fnhPMPul18WunLq9Ni4rxzBFmhna6eaG8WroDg6GdQqSK/eN62uFHV8tpspJHXuCqwgCUVp6NpuUna7+B2OV9g==

"@iota/signing@^1.0.0-beta.30":
  version "1.0.0-beta.30"
  resolved "https://registry.yarnpkg.com/@iota/signing/-/signing-1.0.0-beta.30.tgz#43bf82f9dd43bb3b98c63dd57ac9cde2554f1472"
  integrity sha512-VnOCBq8uAsMwQKv7VeYe2Yx2hTWxNp/lkNEqN6xgPsTII17elj0wjwR+b4euf48h3nIiGeCLWRK5a+k9r46o/g==
  dependencies:
    "@iota/converter" "^1.0.0-beta.30"
    "@iota/kerl" "^1.0.0-beta.30"
    "@iota/pad" "^1.0.0-beta.30"
    bluebird "^3.7.2"

"@iota/transaction-converter@^1.0.0-beta.30":
  version "1.0.0-beta.30"
  resolved "https://registry.yarnpkg.com/@iota/transaction-converter/-/transaction-converter-1.0.0-beta.30.tgz#db5b8b2fbc8332ffbeb2ef4f75ce52106219872a"
  integrity sha512-V27JhRRuJLR8h2XgQBNRC0i3YMU2VVKXwXoB4vxofEdjb0zrXk3Wya7en7PFJUrhtG2edmFXELTaGrN2zw372Q==
  dependencies:
    "@iota/converter" "^1.0.0-beta.30"
    "@iota/pad" "^1.0.0-beta.30"
    "@iota/transaction" "^1.0.0-beta.30"

"@iota/transaction@^1.0.0-beta.30":
  version "1.0.0-beta.30"
  resolved "https://registry.yarnpkg.com/@iota/transaction/-/transaction-1.0.0-beta.30.tgz#73c7f83ca8bb783d0683320c52c588233e2e7019"
  integrity sha512-Y84Jaba9lXMbi/yDJSIgKE8gyY0P63ILACjiPqoPOrHnOQQ9Hs0ewh55/lhat0kZODDGWsaEzKrN4CawOICofg==
  dependencies:
    "@iota/converter" "^1.0.0-beta.30"
    "@iota/curl" "^1.0.0-beta.19"
    "@iota/kerl" "^1.0.0-beta.30"
    "@iota/signing" "^1.0.0-beta.30"
    "@types/warning" "^3.0.0"
    warning "^4.0.3"

"@types/crypto-js@^3.1.47":
  version "3.1.47"
  resolved "https://registry.yarnpkg.com/@types/crypto-js/-/crypto-js-3.1.47.tgz#36e549dd3f1322742a3a738e7c113ebe48221860"
  integrity sha512-eI6gvpcGHLk3dAuHYnRCAjX+41gMv1nz/VP55wAe5HtmAKDOoPSfr3f6vkMc08ov1S0NsjvUBxDtHHxqQY1LGA==

"@types/warning@^3.0.0":
  version "3.0.0"
  resolved "https://registry.yarnpkg.com/@types/warning/-/warning-3.0.0.tgz#0d2501268ad8f9962b740d387c4654f5f8e23e52"
  integrity sha1-DSUBJorY+ZYrdA04fEZU9fjiPlI=

bluebird@^3.5.5, bluebird@^3.7.2:
  version "3.7.2"
  resolved "https://registry.yarnpkg.com/bluebird/-/bluebird-3.7.2.tgz#9f229c15be272454ffa973ace0dbee79a1b0c36f"
  integrity sha512-XpNj6GDQzdfW+r2Wnn7xiSAd7TM3jzkxGXBGTtWKuSXv1xUV+azxAm8jdWZN06QTQk+2N2XB9jRDkvbmQmcRtg==

core-js@^3.1.4:
  version "3.22.4"
  resolved "https://registry.yarnpkg.com/core-js/-/core-js-3.22.4.tgz#f4b3f108d45736935aa028444a69397e40d8c531"
  integrity sha512-1uLykR+iOfYja+6Jn/57743gc9n73EWiOnSJJ4ba3B4fOEYDBv25MagmEZBxTp5cWq4b/KPx/l77zgsp28ju4w==

cross-fetch@^3.0.0:
  version "3.1.5"
  resolved "https://registry.yarnpkg.com/cross-fetch/-/cross-fetch-3.1.5.tgz#e1389f44d9e7ba767907f7af8454787952ab534f"
  integrity sha512-lvb1SBsI0Z7GDwmuid+mU3kWVBwTVUbe7S0H52yaaAdQOXq2YktTCZdlAcNKFzE6QtRz0snpw9bNiPeOIkkQvw==
  dependencies:
    node-fetch "2.6.7"

crypto-js@^4.0.0:
  version "4.1.1"
  resolved "https://registry.yarnpkg.com/crypto-js/-/crypto-js-4.1.1.tgz#9e485bcf03521041bd85844786b83fb7619736cf"
  integrity sha512-o2JlM7ydqd3Qk9CA0L4NL6mTzU2sdx96a+oOfPu8Mkl/PK51vSyoi8/rQ8NknZtk44vq15lmhAj9CIAGwgeWKw==

"js-tokens@^3.0.0 || ^4.0.0":
  version "4.0.0"
  resolved "https://registry.yarnpkg.com/js-tokens/-/js-tokens-4.0.0.tgz#19203fb59991df98e3a287050d4647cdeaf32499"
  integrity sha512-RdJUflcE3cUzKiMqQgsCu06FPu9UdIJO0beYbPhHN4k6apgJtifcoCtT9bcxOpYBtpD2kCM6Sbzg4CausW/PKQ==

loose-envify@^1.0.0:
  version "1.4.0"
  resolved "https://registry.yarnpkg.com/loose-envify/-/loose-envify-1.4.0.tgz#71ee51fa7be4caec1a63839f7e682d8132d30caf"
  integrity sha512-lyuxPGr/Wfhrlem2CL/UcnUc1zcqKAImBDzukY7Y5F/yQiNdko6+fRLevlw1HgMySw7f611UIY408EtxRSoK3Q==
  dependencies:
    js-tokens "^3.0.0 || ^4.0.0"

node-fetch@2.6.7:
  version "2.6.7"
  resolved "https://registry.yarnpkg.com/node-fetch/-/node-fetch-2.6.7.tgz#24de9fba827e3b4ae44dc8b20256a379160052ad"
  integrity sha512-ZjMPFEfVx5j+y2yF35Kzx5sF7kDzxuDj6ziH4FFbOp87zKDZNx8yExJIb05OGF4Nlt9IHFIMBkRl41VdvcNdbQ==
  dependencies:
    whatwg-url "^5.0.0"

querystringify@^2.1.1:
  version "2.2.0"
  resolved "https://registry.yarnpkg.com/querystringify/-/querystringify-2.2.0.tgz#3345941b4153cb9d082d8eee4cda2016a9aef7f6"
  integrity sha512-FIqgj2EUvTa7R50u0rGsyTftzjYmv/a3hO345bZNrqabNqjtgiDMgmo4mkUjd+nzU5oF3dClKqFIPUKybUyqoQ==

requires-port@^1.0.0:
  version "1.0.0"
  resolved "https://registry.yarnpkg.com/requires-port/-/requires-port-1.0.0.tgz#925d2601d39ac485e091cf0da5c6e694dc3dcaff"
  integrity sha1-kl0mAdOaxIXgkc8NpcbmlNw9yv8=

tr46@~0.0.3:
  version "0.0.3"
  resolved "https://registry.yarnpkg.com/tr46/-/tr46-0.0.3.tgz#8184fd347dac9cdc185992f3a6622e14b9d9ab6a"
  integrity sha1-gYT9NH2snNwYWZLzpmIuFLnZq2o=

url-parse@^1.4.7:
  version "1.5.10"
  resolved "https://registry.yarnpkg.com/url-parse/-/url-parse-1.5.10.tgz#9d3c2f736c1d75dd3bd2be507dcc111f1e2ea9c1"
  integrity sha512-WypcfiRhfeUP9vvF0j6rw0J3hrWrw6iZv3+22h6iRMJ/8z1Tj6XfLP4DsUix5MhMPnXpiHDoKyoZ/bdCkwBCiQ==
  dependencies:
    querystringify "^2.1.1"
    requires-port "^1.0.0"

warning@^4.0.3:
  version "4.0.3"
  resolved "https://registry.yarnpkg.com/warning/-/warning-4.0.3.tgz#16e9e077eb8a86d6af7d64aa1e05fd85b4678ca3"
  integrity sha512-rpJyN222KWIvHJ/F53XSZv0Zl/accqHR8et1kpaMTD/fLCRxtV8iX8czMzY7sVZupTI3zcUTg8eycS2kNF9l6w==
  dependencies:
    loose-envify "^1.0.0"

webidl-conversions@^3.0.0:
  version "3.0.1"
  resolved "https://registry.yarnpkg.com/webidl-conversions/-/webidl-conversions-3.0.1.tgz#24534275e2a7bc6be7bc86611cc16ae0a5654871"
  integrity sha1-JFNCdeKnvGvnvIZhHMFq4KVlSHE=

whatwg-url@^5.0.0:
  version "5.0.0"
  resolved "https://registry.yarnpkg.com/whatwg-url/-/whatwg-url-5.0.0.tgz#966454e8765462e37644d3626f6742ce8b70965d"
  integrity sha1-lmRU6HZUYuN2RNNib2dCzotwll0=
  dependencies:
    tr46 "~0.0.3"
    webidl-conversions "^3.0.0"
